{
  "requires": true,
  "lockfileVersion": 1,
  "dependencies": {
    "angular-formly": {
      "version": "8.4.1",
      "resolved": "https://registry.npmjs.org/angular-formly/-/angular-formly-8.4.1.tgz",
      "integrity": "sha1-X4nIob70K6ATnzqKDVssk3E2Aa8="
    },
    "angular-formly-templates-bootstrap": {
      "version": "6.5.1",
      "resolved": "https://registry.npmjs.org/angular-formly-templates-bootstrap/-/angular-formly-templates-bootstrap-6.5.1.tgz",
      "integrity": "sha1-2TmdM6gCRcbslLITs+E9DmpBXkM="
    },
    "api-check": {
      "version": "7.5.5",
      "resolved": "https://registry.npmjs.org/api-check/-/api-check-7.5.5.tgz",
      "integrity": "sha1-l0ttPgzhaF0ZveIr9J2YMDlMlJg="
    },
    "bootstrap": {
      "version": "4.1.1",
      "resolved": "https://registry.npmjs.org/bootstrap/-/bootstrap-4.1.1.tgz",
      "integrity": "sha512-SpiDSOcbg4J/PjVSt4ny5eY6j74VbVSjROY4Fb/WIUXBV9cnb5luyR4KnPvNoXuGnBK1T+nJIWqRsvU3yP8Mcg=="
    }
  }
}
